
Microsoft Visual Studio Solution File, Format Version 11.00
# Visual Studio 2010
Project("{FAE04EC0-301F-11D3-BF4B-00C04F79EFBC}") = "Core", "src\app\Core\Core.csproj", "{BD531892-83FF-4DBA-89D2-EEB63A9C06DB}"
EndProject
Project("{FAE04EC0-301F-11D3-BF4B-00C04F79EFBC}") = "NUnit.Test.Core", "src\test\NUnit.Test.Core\NUnit.Test.Core.csproj", "{0802D28C-D00F-4A26-B647-6A08FA6AF6E5}"
EndProject
Global
	GlobalSection(SolutionConfigurationPlatforms) = preSolution
		Debug|Any CPU = Debug|Any CPU
		Release|Any CPU = Release|Any CPU
	EndGlobalSection
	GlobalSection(ProjectConfigurationPlatforms) = postSolution
		{0802D28C-D00F-4A26-B647-6A08FA6AF6E5}.Debug|Any CPU.ActiveCfg = Debug|Any CPU
		{0802D28C-D00F-4A26-B647-6A08FA6AF6E5}.Debug|Any CPU.Build.0 = Debug|Any CPU
		{0802D28C-D00F-4A26-B647-6A08FA6AF6E5}.Release|Any CPU.ActiveCfg = Release|Any CPU
		{0802D28C-D00F-4A26-B647-6A08FA6AF6E5}.Release|Any CPU.Build.0 = Release|Any CPU
		{BD531892-83FF-4DBA-89D2-EEB63A9C06DB}.Debug|Any CPU.ActiveCfg = Debug|Any CPU
		{BD531892-83FF-4DBA-89D2-EEB63A9C06DB}.Debug|Any CPU.Build.0 = Debug|Any CPU
		{BD531892-83FF-4DBA-89D2-EEB63A9C06DB}.Release|Any CPU.ActiveCfg = Release|Any CPU
		{BD531892-83FF-4DBA-89D2-EEB63A9C06DB}.Release|Any CPU.Build.0 = Release|Any CPU
	EndGlobalSection
	GlobalSection(MonoDevelopProperties) = preSolution
		StartupItem = src\app\Core\Core.csproj
	EndGlobalSection
EndGlobal
